
Microsoft Visual Studio Solution File, Format Version 12.00
# Visual Studio 15
VisualStudioVersion = 15.0.27130.2027
MinimumVisualStudioVersion = 10.0.40219.1
Project("{FAE04EC0-301F-11D3-BF4B-00C04F79EFBC}") = "SchoolDemo", "SchoolDemo\SchoolDemo.csproj", "{739C1512-BC93-4499-A3D3-9E2EA191664D}"
EndProject
Project("{FAE04EC0-301F-11D3-BF4B-00C04F79EFBC}") = "SchoolDemo.Tests", "SchoolDemo.Tests\SchoolDemo.Tests.csproj", "{CE38B38C-8667-4BCB-AC4E-5723E34E415E}"
EndProject
Global
	GlobalSection(SolutionConfigurationPlatforms) = preSolution
		Debug|Any CPU = Debug|Any CPU
		Release|Any CPU = Release|Any CPU
	EndGlobalSection
	GlobalSection(ProjectConfigurationPlatforms) = postSolution
		{739C1512-BC93-4499-A3D3-9E2EA191664D}.Debug|Any CPU.ActiveCfg = Debug|Any CPU
		{739C1512-BC93-4499-A3D3-9E2EA191664D}.Debug|Any CPU.Build.0 = Debug|Any CPU
		{739C1512-BC93-4499-A3D3-9E2EA191664D}.Release|Any CPU.ActiveCfg = Release|Any CPU
		{739C1512-BC93-4499-A3D3-9E2EA191664D}.Release|Any CPU.Build.0 = Release|Any CPU
		{CE38B38C-8667-4BCB-AC4E-5723E34E415E}.Debug|Any CPU.ActiveCfg = Debug|Any CPU
		{CE38B38C-8667-4BCB-AC4E-5723E34E415E}.Debug|Any CPU.Build.0 = Debug|Any CPU
		{CE38B38C-8667-4BCB-AC4E-5723E34E415E}.Release|Any CPU.ActiveCfg = Release|Any CPU
		{CE38B38C-8667-4BCB-AC4E-5723E34E415E}.Release|Any CPU.Build.0 = Release|Any CPU
	EndGlobalSection
	GlobalSection(SolutionProperties) = preSolution
		HideSolutionNode = FALSE
	EndGlobalSection
	GlobalSection(ExtensibilityGlobals) = postSolution
		SolutionGuid = {4BBFACA3-A049-44F7-820C-B1BDC34F41B7}
	EndGlobalSection
EndGlobal
